
Microsoft Visual Studio Solution File, Format Version 12.00
# Visual Studio Version 17
VisualStudioVersion = 17.11.35303.130
MinimumVisualStudioVersion = 10.0.40219.1
Project("{8BC9CEB8-8B4A-11D0-8D11-00A0C91BC942}") = "Assignment_2", "Assignment_2\Assignment_2.vcxproj", "{5CC2BCEE-0E06-4C5A-A5D2-4FC710F4FE4C}"
EndProject
Global
	GlobalSection(SolutionConfigurationPlatforms) = preSolution
		Debug|x64 = Debug|x64
		Debug|x86 = Debug|x86
		Release|x64 = Release|x64
		Release|x86 = Release|x86
	EndGlobalSection
	GlobalSection(ProjectConfigurationPlatforms) = postSolution
		{5CC2BCEE-0E06-4C5A-A5D2-4FC710F4FE4C}.Debug|x64.ActiveCfg = Debug|x64
		{5CC2BCEE-0E06-4C5A-A5D2-4FC710F4FE4C}.Debug|x64.Build.0 = Debug|x64
		{5CC2BCEE-0E06-4C5A-A5D2-4FC710F4FE4C}.Debug|x86.ActiveCfg = Debug|Win32
		{5CC2BCEE-0E06-4C5A-A5D2-4FC710F4FE4C}.Debug|x86.Build.0 = Debug|Win32
		{5CC2BCEE-0E06-4C5A-A5D2-4FC710F4FE4C}.Release|x64.ActiveCfg = Release|x64
		{5CC2BCEE-0E06-4C5A-A5D2-4FC710F4FE4C}.Release|x64.Build.0 = Release|x64
		{5CC2BCEE-0E06-4C5A-A5D2-4FC710F4FE4C}.Release|x86.ActiveCfg = Release|Win32
		{5CC2BCEE-0E06-4C5A-A5D2-4FC710F4FE4C}.Release|x86.Build.0 = Release|Win32
	EndGlobalSection
	GlobalSection(SolutionProperties) = preSolution
		HideSolutionNode = FALSE
	EndGlobalSection
	GlobalSection(ExtensibilityGlobals) = postSolution
		SolutionGuid = {3BAD4D2C-5D63-4A79-BB4C-2287449534B3}
	EndGlobalSection
EndGlobal
